{
  "name": "critools",
  "version": "1.0.0",
  "lockfileVersion": 1,
  "requires": true,
  "dependencies": {
    "node-lame": {
      "version": "1.2.2",
      "resolved": "https://registry.npmjs.org/node-lame/-/node-lame-1.2.2.tgz",
      "integrity": "sha512-tYUZ0n6HMzTOWC1aRrD7IoQlbE2EdnDrR5o5xSFYSKQViJu4oO3DHs1Oj0svDJ3k4eJRqCqwllO9Cy8KeT09WA=="
    }
  }
}
